
Microsoft Visual Studio Solution File, Format Version 12.00
# Visual Studio 15
Project("{FAE04EC0-301F-11D3-BF4B-00C04F79EFBC}") = "appcoins-unity-support", "appcoins-unity-support-2018\appcoins-unity-support.csproj", "{6F5C1940-D712-4560-B0D7-44CEB9BE8727}"
EndProject
Global
	GlobalSection(SolutionConfigurationPlatforms) = preSolution
		Debug|Any CPU = Debug|Any CPU
		Release|Any CPU = Release|Any CPU
	EndGlobalSection
	GlobalSection(ProjectConfigurationPlatforms) = postSolution
		{6F5C1940-D712-4560-B0D7-44CEB9BE8727}.Debug|Any CPU.ActiveCfg = Debug|Any CPU
		{6F5C1940-D712-4560-B0D7-44CEB9BE8727}.Debug|Any CPU.Build.0 = Debug|Any CPU
		{6F5C1940-D712-4560-B0D7-44CEB9BE8727}.Release|Any CPU.ActiveCfg = Release|Any CPU
		{6F5C1940-D712-4560-B0D7-44CEB9BE8727}.Release|Any CPU.Build.0 = Release|Any CPU
	EndGlobalSection
EndGlobal
